
Microsoft Visual Studio Solution File, Format Version 12.00
# Visual Studio Version 17
VisualStudioVersion = 17.8.34330.188
MinimumVisualStudioVersion = 10.0.40219.1
Project("{FAE04EC0-301F-11D3-BF4B-00C04F79EFBC}") = "MauiApp1", "MauiApp1\MauiApp1.csproj", "{EA2E438B-207A-46EE-B5B3-1F2EF48B0A61}"
EndProject
Global
	GlobalSection(SolutionConfigurationPlatforms) = preSolution
		Debug|Any CPU = Debug|Any CPU
		Release|Any CPU = Release|Any CPU
	EndGlobalSection
	GlobalSection(ProjectConfigurationPlatforms) = postSolution
		{EA2E438B-207A-46EE-B5B3-1F2EF48B0A61}.Debug|Any CPU.ActiveCfg = Debug|Any CPU
		{EA2E438B-207A-46EE-B5B3-1F2EF48B0A61}.Debug|Any CPU.Build.0 = Debug|Any CPU
		{EA2E438B-207A-46EE-B5B3-1F2EF48B0A61}.Debug|Any CPU.Deploy.0 = Debug|Any CPU
		{EA2E438B-207A-46EE-B5B3-1F2EF48B0A61}.Release|Any CPU.ActiveCfg = Release|Any CPU
		{EA2E438B-207A-46EE-B5B3-1F2EF48B0A61}.Release|Any CPU.Build.0 = Release|Any CPU
		{EA2E438B-207A-46EE-B5B3-1F2EF48B0A61}.Release|Any CPU.Deploy.0 = Release|Any CPU
	EndGlobalSection
	GlobalSection(SolutionProperties) = preSolution
		HideSolutionNode = FALSE
	EndGlobalSection
	GlobalSection(ExtensibilityGlobals) = postSolution
		SolutionGuid = {AA8DACB8-6A6E-4B02-90B0-718A578960EB}
	EndGlobalSection
EndGlobal
